
Microsoft Visual Studio Solution File, Format Version 12.00
# Visual Studio Version 16
VisualStudioVersion = 16.0.29519.181
MinimumVisualStudioVersion = 10.0.40219.1
Project("{FAE04EC0-301F-11D3-BF4B-00C04F79EFBC}") = "crud", "crud\crud.csproj", "{8BFAB61F-82F5-42C9-8A14-E4F3AFA5E167}"
EndProject
Global
	GlobalSection(SolutionConfigurationPlatforms) = preSolution
		Debug|Any CPU = Debug|Any CPU
		Release|Any CPU = Release|Any CPU
	EndGlobalSection
	GlobalSection(ProjectConfigurationPlatforms) = postSolution
		{8BFAB61F-82F5-42C9-8A14-E4F3AFA5E167}.Debug|Any CPU.ActiveCfg = Debug|Any CPU
		{8BFAB61F-82F5-42C9-8A14-E4F3AFA5E167}.Debug|Any CPU.Build.0 = Debug|Any CPU
		{8BFAB61F-82F5-42C9-8A14-E4F3AFA5E167}.Release|Any CPU.ActiveCfg = Release|Any CPU
		{8BFAB61F-82F5-42C9-8A14-E4F3AFA5E167}.Release|Any CPU.Build.0 = Release|Any CPU
	EndGlobalSection
	GlobalSection(SolutionProperties) = preSolution
		HideSolutionNode = FALSE
	EndGlobalSection
	GlobalSection(ExtensibilityGlobals) = postSolution
		SolutionGuid = {2E4FD48D-D4E7-4586-B8AD-8264F05BA3C6}
	EndGlobalSection
EndGlobal
